
Microsoft Visual Studio Solution File, Format Version 12.00
Project("{FAE04EC0-301F-11D3-BF4B-00C04F79EFBC}") = "WebLoginPOC_Client", "WebLoginPOC_Client\WebLoginPOC_Client.csproj", "{DCF98F4C-60EF-46DF-8C02-2DC0BF3EB026}"
EndProject
Global
	GlobalSection(SolutionConfigurationPlatforms) = preSolution
		Debug|Any CPU = Debug|Any CPU
		Release|Any CPU = Release|Any CPU
	EndGlobalSection
	GlobalSection(ProjectConfigurationPlatforms) = postSolution
		{DCF98F4C-60EF-46DF-8C02-2DC0BF3EB026}.Debug|Any CPU.ActiveCfg = Debug|Any CPU
		{DCF98F4C-60EF-46DF-8C02-2DC0BF3EB026}.Debug|Any CPU.Build.0 = Debug|Any CPU
		{DCF98F4C-60EF-46DF-8C02-2DC0BF3EB026}.Release|Any CPU.ActiveCfg = Release|Any CPU
		{DCF98F4C-60EF-46DF-8C02-2DC0BF3EB026}.Release|Any CPU.Build.0 = Release|Any CPU
	EndGlobalSection
EndGlobal
